// !$*UTF8*$!
{
	archiveVersion = 1;
	classes = {
	};
	objectVersion = 46;
	objects = {

/* Begin PBXBuildFile section */
		D93EBC32199667D000362706 /* Foundation.framework in Frameworks */ = {isa = PBXBuildFile; fileRef = D93EBC31199667D000362706 /* Foundation.framework */; };
		D93EBC34199667D000362706 /* CoreGraphics.framework in Frameworks */ = {isa = PBXBuildFile; fileRef = D93EBC33199667D000362706 /* CoreGraphics.framework */; };
		D93EBC36199667D000362706 /* UIKit.framework in Frameworks */ = {isa = PBXBuildFile; fileRef = D93EBC35199667D000362706 /* UIKit.framework */; };
		D93EBC3C199667D000362706 /* InfoPlist.strings in Resources */ = {isa = PBXBuildFile; fileRef = D93EBC3A199667D000362706 /* InfoPlist.strings */; };
		D93EBC3E199667D000362706 /* main.m in Sources */ = {isa = PBXBuildFile; fileRef = D93EBC3D199667D000362706 /* main.m */; };
		D93EBC42199667D000362706 /* AppDelegate.m in Sources */ = {isa = PBXBuildFile; fileRef = D93EBC41199667D000362706 /* AppDelegate.m */; };
		D93EBC45199667D000362706 /* Main.storyboard in Resources */ = {isa = PBXBuildFile; fileRef = D93EBC43199667D000362706 /* Main.storyboard */; };
		D93EBC48199667D000362706 /* ViewController.m in Sources */ = {isa = PBXBuildFile; fileRef = D93EBC47199667D000362706 /* ViewController.m */; };
		D93EBC4A199667D000362706 /* Images.xcassets in Resources */ = {isa = PBXBuildFile; fileRef = D93EBC49199667D000362706 /* Images.xcassets */; };
		D93EBC51199667D000362706 /* XCTest.framework in Frameworks */ = {isa = PBXBuildFile; fileRef = D93EBC50199667D000362706 /* XCTest.framework */; };
		D93EBC52199667D000362706 /* Foundation.framework in Frameworks */ = {isa = PBXBuildFile; fileRef = D93EBC31199667D000362706 /* Foundation.framework */; };
		D93EBC53199667D000362706 /* UIKit.framework in Frameworks */ = {isa = PBXBuildFile; fileRef = D93EBC35199667D000362706 /* UIKit.framework */; };
		D93EBC5B199667D000362706 /* InfoPlist.strings in Resources */ = {isa = PBXBuildFile; fileRef = D93EBC59199667D000362706 /* InfoPlist.strings */; };
		D93EBC5D199667D000362706 /* KVCODemoTests.m in Sources */ = {isa = PBXBuildFile; fileRef = D93EBC5C199667D000362706 /* KVCODemoTests.m */; };
		D93EBC68199667EA00362706 /* Children.m in Sources */ = {isa = PBXBuildFile; fileRef = D93EBC67199667EA00362706 /* Children.m */; };
		D93EBC6B199678B500362706 /* KVCMutableArray.m in Sources */ = {isa = PBXBuildFile; fileRef = D93EBC6A199678B500362706 /* KVCMutableArray.m */; };
/* End PBXBuildFile section */

/* Begin PBXContainerItemProxy section */
		D93EBC54199667D000362706 /* PBXContainerItemProxy */ = {
			isa = PBXContainerItemProxy;
			containerPortal = D93EBC26199667D000362706 /* Project object */;
			proxyType = 1;
			remoteGlobalIDString = D93EBC2D199667D000362706;
			remoteInfo = KVCODemo;
		};
/* End PBXContainerItemProxy section */

/* Begin PBXFileReference section */
		D93EBC2E199667D000362706 /* KVCODemo.app */ = {isa = PBXFileReference; explicitFileType = wrapper.application; includeInIndex = 0; path = KVCODemo.app; sourceTree = BUILT_PRODUCTS_DIR; };
		D93EBC31199667D000362706 /* Foundation.framework */ = {isa = PBXFileReference; lastKnownFileType = wrapper.framework; name = Foundation.framework; path = System/Library/Frameworks/Foundation.framework; sourceTree = SDKROOT; };
		D93EBC33199667D000362706 /* CoreGraphics.framework */ = {isa = PBXFileReference; lastKnownFileType = wrapper.framework; name = CoreGraphics.framework; path = System/Library/Frameworks/CoreGraphics.framework; sourceTree = SDKROOT; };
		D93EBC35199667D000362706 /* UIKit.framework */ = {isa = PBXFileReference; lastKnownFileType = wrapper.framework; name = UIKit.framework; path = System/Library/Frameworks/UIKit.framework; sourceTree = SDKROOT; };
		D93EBC39199667D000362706 /* KVCODemo-Info.plist */ = {isa = PBXFileReference; lastKnownFileType = text.plist.xml; path = "KVCODemo-Info.plist"; sourceTree = "<group>"; };
		D93EBC3B199667D000362706 /* en */ = {isa = PBXFileReference; lastKnownFileType = text.plist.strings; name = en; path = en.lproj/InfoPlist.strings; sourceTree = "<group>"; };
		D93EBC3D199667D000362706 /* main.m */ = {isa = PBXFileReference; lastKnownFileType = sourcecode.c.objc; path = main.m; sourceTree = "<group>"; };
		D93EBC3F199667D000362706 /* KVCODemo-Prefix.pch */ = {isa = PBXFileReference; lastKnownFileType = sourcecode.c.h; path = "KVCODemo-Prefix.pch"; sourceTree = "<group>"; };
		D93EBC40199667D000362706 /* AppDelegate.h */ = {isa = PBXFileReference; lastKnownFileType = sourcecode.c.h; path = AppDelegate.h; sourceTree = "<group>"; };
		D93EBC41199667D000362706 /* AppDelegate.m */ = {isa = PBXFileReference; lastKnownFileType = sourcecode.c.objc; path = AppDelegate.m; sourceTree = "<group>"; };
		D93EBC44199667D000362706 /* Base */ = {isa = PBXFileReference; lastKnownFileType = file.storyboard; name = Base; path = Base.lproj/Main.storyboard; sourceTree = "<group>"; };
		D93EBC46199667D000362706 /* ViewController.h */ = {isa = PBXFileReference; lastKnownFileType = sourcecode.c.h; path = ViewController.h; sourceTree = "<group>"; };
		D93EBC47199667D000362706 /* ViewController.m */ = {isa = PBXFileReference; lastKnownFileType = sourcecode.c.objc; path = ViewController.m; sourceTree = "<group>"; };
		D93EBC49199667D000362706 /* Images.xcassets */ = {isa = PBXFileReference; lastKnownFileType = folder.assetcatalog; path = Images.xcassets; sourceTree = "<group>"; };
		D93EBC4F199667D000362706 /* KVCODemoTests.xctest */ = {isa = PBXFileReference; explicitFileType = wrapper.cfbundle; includeInIndex = 0; path = KVCODemoTests.xctest; sourceTree = BUILT_PRODUCTS_DIR; };
		D93EBC50199667D000362706 /* XCTest.framework */ = {isa = PBXFileReference; lastKnownFileType = wrapper.framework; name = XCTest.framework; path = Library/Frameworks/XCTest.framework; sourceTree = DEVELOPER_DIR; };
		D93EBC58199667D000362706 /* KVCODemoTests-Info.plist */ = {isa = PBXFileReference; lastKnownFileType = text.plist.xml; path = "KVCODemoTests-Info.plist"; sourceTree = "<group>"; };
		D93EBC5A199667D000362706 /* en */ = {isa = PBXFileReference; lastKnownFileType = text.plist.strings; name = en; path = en.lproj/InfoPlist.strings; sourceTree = "<group>"; };
		D93EBC5C199667D000362706 /* KVCODemoTests.m */ = {isa = PBXFileReference; lastKnownFileType = sourcecode.c.objc; path = KVCODemoTests.m; sourceTree = "<group>"; };
		D93EBC66199667EA00362706 /* Children.h */ = {isa = PBXFileReference; fileEncoding = 4; lastKnownFileType = sourcecode.c.h; path = Children.h; sourceTree = "<group>"; };
		D93EBC67199667EA00362706 /* Children.m */ = {isa = PBXFileReference; fileEncoding = 4; lastKnownFileType = sourcecode.c.objc; path = Children.m; sourceTree = "<group>"; };
		D93EBC69199678B500362706 /* KVCMutableArray.h */ = {isa = PBXFileReference; fileEncoding = 4; lastKnownFileType = sourcecode.c.h; path = KVCMutableArray.h; sourceTree = "<group>"; };
		D93EBC6A199678B500362706 /* KVCMutableArray.m */ = {isa = PBXFileReference; fileEncoding = 4; lastKnownFileType = sourcecode.c.objc; path = KVCMutableArray.m; sourceTree = "<group>"; };
/* End PBXFileReference section */

/* Begin PBXFrameworksBuildPhase section */
		D93EBC2B199667D000362706 /* Frameworks */ = {
			isa = PBXFrameworksBuildPhase;
			buildActionMask = 2147483647;
			files = (
				D93EBC34199667D000362706 /* CoreGraphics.framework in Frameworks */,
				D93EBC36199667D000362706 /* UIKit.framework in Frameworks */,
				D93EBC32199667D000362706 /* Foundation.framework in Frameworks */,
			);
			runOnlyForDeploymentPostprocessing = 0;
		};
		D93EBC4C199667D000362706 /* Frameworks */ = {
			isa = PBXFrameworksBuildPhase;
			buildActionMask = 2147483647;
			files = (
				D93EBC51199667D000362706 /* XCTest.framework in Frameworks */,
				D93EBC53199667D000362706 /* UIKit.framework in Frameworks */,
				D93EBC52199667D000362706 /* Foundation.framework in Frameworks */,
			);
			runOnlyForDeploymentPostprocessing = 0;
		};
/* End PBXFrameworksBuildPhase section */

/* Begin PBXGroup section */
		D93EBC25199667D000362706 = {
			isa = PBXGroup;
			children = (
				D93EBC37199667D000362706 /* KVCODemo */,
				D93EBC56199667D000362706 /* KVCODemoTests */,
				D93EBC30199667D000362706 /* Frameworks */,
				D93EBC2F199667D000362706 /* Products */,
			);
			sourceTree = "<group>";
		};
		D93EBC2F199667D000362706 /* Products */ = {
			isa = PBXGroup;
			children = (
				D93EBC2E199667D000362706 /* KVCODemo.app */,
				D93EBC4F199667D000362706 /* KVCODemoTests.xctest */,
			);
			name = Products;
			sourceTree = "<group>";
		};
		D93EBC30199667D000362706 /* Frameworks */ = {
			isa = PBXGroup;
			children = (
				D93EBC31199667D000362706 /* Foundation.framework */,
				D93EBC33199667D000362706 /* CoreGraphics.framework */,
				D93EBC35199667D000362706 /* UIKit.framework */,
				D93EBC50199667D000362706 /* XCTest.framework */,
			);
			name = Frameworks;
			sourceTree = "<group>";
		};
		D93EBC37199667D000362706 /* KVCODemo */ = {
			isa = PBXGroup;
			children = (
				D93EBC40199667D000362706 /* AppDelegate.h */,
				D93EBC41199667D000362706 /* AppDelegate.m */,
				D93EBC43199667D000362706 /* Main.storyboard */,
				D93EBC46199667D000362706 /* ViewController.h */,
				D93EBC47199667D000362706 /* ViewController.m */,
				D93EBC66199667EA00362706 /* Children.h */,
				D93EBC67199667EA00362706 /* Children.m */,
				D93EBC69199678B500362706 /* KVCMutableArray.h */,
				D93EBC6A199678B500362706 /* KVCMutableArray.m */,
				D93EBC49199667D000362706 /* Images.xcassets */,
				D93EBC38199667D000362706 /* Supporting Files */,
			);
			path = KVCODemo;
			sourceTree = "<group>";
		};
		D93EBC38199667D000362706 /* Supporting Files */ = {
			isa = PBXGroup;
			children = (
				D93EBC39199667D000362706 /* KVCODemo-Info.plist */,
				D93EBC3A199667D000362706 /* InfoPlist.strings */,
				D93EBC3D199667D000362706 /* main.m */,
				D93EBC3F199667D000362706 /* KVCODemo-Prefix.pch */,
			);
			name = "Supporting Files";
			sourceTree = "<group>";
		};
		D93EBC56199667D000362706 /* KVCODemoTests */ = {
			isa = PBXGroup;
			children = (
				D93EBC5C199667D000362706 /* KVCODemoTests.m */,
				D93EBC57199667D000362706 /* Supporting Files */,
			);
			path = KVCODemoTests;
			sourceTree = "<group>";
		};
		D93EBC57199667D000362706 /* Supporting Files */ = {
			isa = PBXGroup;
			children = (
				D93EBC58199667D000362706 /* KVCODemoTests-Info.plist */,
				D93EBC59199667D000362706 /* InfoPlist.strings */,
			);
			name = "Supporting Files";
			sourceTree = "<group>";
		};
/* End PBXGroup section */

/* Begin PBXNativeTarget section */
		D93EBC2D199667D000362706 /* KVCODemo */ = {
			isa = PBXNativeTarget;
			buildConfigurationList = D93EBC60199667D000362706 /* Build configuration list for PBXNativeTarget "KVCODemo" */;
			buildPhases = (
				D93EBC2A199667D000362706 /* Sources */,
				D93EBC2B199667D000362706 /* Frameworks */,
				D93EBC2C199667D000362706 /* Resources */,
			);
			buildRules = (
			);
			dependencies = (
			);
			name = KVCODemo;
			productName = KVCODemo;
			productReference = D93EBC2E199667D000362706 /* KVCODemo.app */;
			productType = "com.apple.product-type.application";
		};
		D93EBC4E199667D000362706 /* KVCODemoTests */ = {
			isa = PBXNativeTarget;
			buildConfigurationList = D93EBC63199667D000362706 /* Build configuration list for PBXNativeTarget "KVCODemoTests" */;
			buildPhases = (
				D93EBC4B199667D000362706 /* Sources */,
				D93EBC4C199667D000362706 /* Frameworks */,
				D93EBC4D199667D000362706 /* Resources */,
			);
			buildRules = (
			);
			dependencies = (
				D93EBC55199667D000362706 /* PBXTargetDependency */,
			);
			name = KVCODemoTests;
			productName = KVCODemoTests;
			productReference = D93EBC4F199667D000362706 /* KVCODemoTests.xctest */;
			productType = "com.apple.product-type.bundle.unit-test";
		};
/* End PBXNativeTarget section */

/* Begin PBXProject section */
		D93EBC26199667D000362706 /* Project object */ = {
			isa = PBXProject;
			attributes = {
				LastUpgradeCheck = 0510;
				ORGANIZATIONNAME = Appcoda;
				TargetAttributes = {
					D93EBC4E199667D000362706 = {
						TestTargetID = D93EBC2D199667D000362706;
					};
				};
			};
			buildConfigurationList = D93EBC29199667D000362706 /* Build configuration list for PBXProject "KVCODemo" */;
			compatibilityVersion = "Xcode 3.2";
			developmentRegion = English;
			hasScannedForEncodings = 0;
			knownRegions = (
				en,
				Base,
			);
			mainGroup = D93EBC25199667D000362706;
			productRefGroup = D93EBC2F199667D000362706 /* Products */;
			projectDirPath = "";
			projectRoot = "";
			targets = (
				D93EBC2D199667D000362706 /* KVCODemo */,
				D93EBC4E199667D000362706 /* KVCODemoTests */,
			);
		};
/* End PBXProject section */

/* Begin PBXResourcesBuildPhase section */
		D93EBC2C199667D000362706 /* Resources */ = {
			isa = PBXResourcesBuildPhase;
			buildActionMask = 2147483647;
			files = (
				D93EBC4A199667D000362706 /* Images.xcassets in Resources */,
				D93EBC3C199667D000362706 /* InfoPlist.strings in Resources */,
				D93EBC45199667D000362706 /* Main.storyboard in Resources */,
			);
			runOnlyForDeploymentPostprocessing = 0;
		};
		D93EBC4D199667D000362706 /* Resources */ = {
			isa = PBXResourcesBuildPhase;
			buildActionMask = 2147483647;
			files = (
				D93EBC5B199667D000362706 /* InfoPlist.strings in Resources */,
			);
			runOnlyForDeploymentPostprocessing = 0;
		};
/* End PBXResourcesBuildPhase section */

/* Begin PBXSourcesBuildPhase section */
		D93EBC2A199667D000362706 /* Sources */ = {
			isa = PBXSourcesBuildPhase;
			buildActionMask = 2147483647;
			files = (
				D93EBC6B199678B500362706 /* KVCMutableArray.m in Sources */,
				D93EBC48199667D000362706 /* ViewController.m in Sources */,
				D93EBC42199667D000362706 /* AppDelegate.m in Sources */,
				D93EBC68199667EA00362706 /* Children.m in Sources */,
				D93EBC3E199667D000362706 /* main.m in Sources */,
			);
			runOnlyForDeploymentPostprocessing = 0;
		};
		D93EBC4B199667D000362706 /* Sources */ = {
			isa = PBXSourcesBuildPhase;
			buildActionMask = 2147483647;
			files = (
				D93EBC5D199667D000362706 /* KVCODemoTests.m in Sources */,
			);
			runOnlyForDeploymentPostprocessing = 0;
		};
/* End PBXSourcesBuildPhase section */

/* Begin PBXTargetDependency section */
		D93EBC55199667D000362706 /* PBXTargetDependency */ = {
			isa = PBXTargetDependency;
			target = D93EBC2D199667D000362706 /* KVCODemo */;
			targetProxy = D93EBC54199667D000362706 /* PBXContainerItemProxy */;
		};
/* End PBXTargetDependency section */

/* Begin PBXVariantGroup section */
		D93EBC3A199667D000362706 /* InfoPlist.strings */ = {
			isa = PBXVariantGroup;
			children = (
				D93EBC3B199667D000362706 /* en */,
			);
			name = InfoPlist.strings;
			sourceTree = "<group>";
		};
		D93EBC43199667D000362706 /* Main.storyboard */ = {
			isa = PBXVariantGroup;
			children = (
				D93EBC44199667D000362706 /* Base */,
			);
			name = Main.storyboard;
			sourceTree = "<group>";
		};
		D93EBC59199667D000362706 /* InfoPlist.strings */ = {
			isa = PBXVariantGroup;
			children = (
				D93EBC5A199667D000362706 /* en */,
			);
			name = InfoPlist.strings;
			sourceTree = "<group>";
		};
/* End PBXVariantGroup section */

/* Begin XCBuildConfiguration section */
		D93EBC5E199667D000362706 /* Debug */ = {
			isa = XCBuildConfiguration;
			buildSettings = {
				ALWAYS_SEARCH_USER_PATHS = NO;
				CLANG_CXX_LANGUAGE_STANDARD = "gnu++0x";
				CLANG_CXX_LIBRARY = "libc++";
				CLANG_ENABLE_MODULES = YES;
				CLANG_ENABLE_OBJC_ARC = YES;
				CLANG_WARN_BOOL_CONVERSION = YES;
				CLANG_WARN_CONSTANT_CONVERSION = YES;
				CLANG_WARN_DIRECT_OBJC_ISA_USAGE = YES_ERROR;
				CLANG_WARN_EMPTY_BODY = YES;
				CLANG_WARN_ENUM_CONVERSION = YES;
				CLANG_WARN_INT_CONVERSION = YES;
				CLANG_WARN_OBJC_ROOT_CLASS = YES_ERROR;
				CLANG_WARN__DUPLICATE_METHOD_MATCH = YES;
				"CODE_SIGN_IDENTITY[sdk=iphoneos*]" = "iPhone Developer";
				COPY_PHASE_STRIP = NO;
				GCC_C_LANGUAGE_STANDARD = gnu99;
				GCC_DYNAMIC_NO_PIC = NO;
				GCC_OPTIMIZATION_LEVEL = 0;
				GCC_PREPROCESSOR_DEFINITIONS = (
					"DEBUG=1",
					"$(inherited)",
				);
				GCC_SYMBOLS_PRIVATE_EXTERN = NO;
				GCC_WARN_64_TO_32_BIT_CONVERSION = YES;
				GCC_WARN_ABOUT_RETURN_TYPE = YES_ERROR;
				GCC_WARN_UNDECLARED_SELECTOR = YES;
				GCC_WARN_UNINITIALIZED_AUTOS = YES_AGGRESSIVE;
				GCC_WARN_UNUSED_FUNCTION = YES;
				GCC_WARN_UNUSED_VARIABLE = YES;
				IPHONEOS_DEPLOYMENT_TARGET = 7.1;
				ONLY_ACTIVE_ARCH = YES;
				SDKROOT = iphoneos;
			};
			name = Debug;
		};
		D93EBC5F199667D000362706 /* Release */ = {
			isa = XCBuildConfiguration;
			buildSettings = {
				ALWAYS_SEARCH_USER_PATHS = NO;
				CLANG_CXX_LANGUAGE_STANDARD = "gnu++0x";
				CLANG_CXX_LIBRARY = "libc++";
				CLANG_ENABLE_MODULES = YES;
				CLANG_ENABLE_OBJC_ARC = YES;
				CLANG_WARN_BOOL_CONVERSION = YES;
				CLANG_WARN_CONSTANT_CONVERSION = YES;
				CLANG_WARN_DIRECT_OBJC_ISA_USAGE = YES_ERROR;
				CLANG_WARN_EMPTY_BODY = YES;
				CLANG_WARN_ENUM_CONVERSION = YES;
				CLANG_WARN_INT_CONVERSION = YES;
				CLANG_WARN_OBJC_ROOT_CLASS = YES_ERROR;
				CLANG_WARN__DUPLICATE_METHOD_MATCH = YES;
				"CODE_SIGN_IDENTITY[sdk=iphoneos*]" = "iPhone Developer";
				COPY_PHASE_STRIP = YES;
				ENABLE_NS_ASSERTIONS = NO;
				GCC_C_LANGUAGE_STANDARD = gnu99;
				GCC_WARN_64_TO_32_BIT_CONVERSION = YES;
				GCC_WARN_ABOUT_RETURN_TYPE = YES_ERROR;
				GCC_WARN_UNDECLARED_SELECTOR = YES;
				GCC_WARN_UNINITIALIZED_AUTOS = YES_AGGRESSIVE;
				GCC_WARN_UNUSED_FUNCTION = YES;
				GCC_WARN_UNUSED_VARIABLE = YES;
				IPHONEOS_DEPLOYMENT_TARGET = 7.1;
				SDKROOT = iphoneos;
				VALIDATE_PRODUCT = YES;
			};
			name = Release;
		};
		D93EBC61199667D000362706 /* Debug */ = {
			isa = XCBuildConfiguration;
			buildSettings = {
				ASSETCATALOG_COMPILER_APPICON_NAME = AppIcon;
				ASSETCATALOG_COMPILER_LAUNCHIMAGE_NAME = LaunchImage;
				GCC_PRECOMPILE_PREFIX_HEADER = YES;
				GCC_PREFIX_HEADER = "KVCODemo/KVCODemo-Prefix.pch";
				INFOPLIST_FILE = "KVCODemo/KVCODemo-Info.plist";
				PRODUCT_NAME = "$(TARGET_NAME)";
				WRAPPER_EXTENSION = app;
			};
			name = Debug;
		};
		D93EBC62199667D000362706 /* Release */ = {
			isa = XCBuildConfiguration;
			buildSettings = {
				ASSETCATALOG_COMPILER_APPICON_NAME = AppIcon;
				ASSETCATALOG_COMPILER_LAUNCHIMAGE_NAME = LaunchImage;
				GCC_PRECOMPILE_PREFIX_HEADER = YES;
				GCC_PREFIX_HEADER = "KVCODemo/KVCODemo-Prefix.pch";
				INFOPLIST_FILE = "KVCODemo/KVCODemo-Info.plist";
				PRODUCT_NAME = "$(TARGET_NAME)";
				WRAPPER_EXTENSION = app;
			};
			name = Release;
		};
		D93EBC64199667D000362706 /* Debug */ = {
			isa = XCBuildConfiguration;
			buildSettings = {
				BUNDLE_LOADER = "$(BUILT_PRODUCTS_DIR)/KVCODemo.app/KVCODemo";
				FRAMEWORK_SEARCH_PATHS = (
					"$(SDKROOT)/Developer/Library/Frameworks",
					"$(inherited)",
					"$(DEVELOPER_FRAMEWORKS_DIR)",
				);
				GCC_PRECOMPILE_PREFIX_HEADER = YES;
				GCC_PREFIX_HEADER = "KVCODemo/KVCODemo-Prefix.pch";
				GCC_PREPROCESSOR_DEFINITIONS = (
					"DEBUG=1",
					"$(inherited)",
				);
				INFOPLIST_FILE = "KVCODemoTests/KVCODemoTests-Info.plist";
				PRODUCT_NAME = "$(TARGET_NAME)";
				TEST_HOST = "$(BUNDLE_LOADER)";
				WRAPPER_EXTENSION = xctest;
			};
			name = Debug;
		};
		D93EBC65199667D000362706 /* Release */ = {
			isa = XCBuildConfiguration;
			buildSettings = {
				BUNDLE_LOADER = "$(BUILT_PRODUCTS_DIR)/KVCODemo.app/KVCODemo";
				FRAMEWORK_SEARCH_PATHS = (
					"$(SDKROOT)/Developer/Library/Frameworks",
					"$(inherited)",
					"$(DEVELOPER_FRAMEWORKS_DIR)",
				);
				GCC_PRECOMPILE_PREFIX_HEADER = YES;
				GCC_PREFIX_HEADER = "KVCODemo/KVCODemo-Prefix.pch";
				INFOPLIST_FILE = "KVCODemoTests/KVCODemoTests-Info.plist";
				PRODUCT_NAME = "$(TARGET_NAME)";
				TEST_HOST = "$(BUNDLE_LOADER)";
				WRAPPER_EXTENSION = xctest;
			};
			name = Release;
		};
/* End XCBuildConfiguration section */

/* Begin XCConfigurationList section */
		D93EBC29199667D000362706 /* Build configuration list for PBXProject "KVCODemo" */ = {
			isa = XCConfigurationList;
			buildConfigurations = (
				D93EBC5E199667D000362706 /* Debug */,
				D93EBC5F199667D000362706 /* Release */,
			);
			defaultConfigurationIsVisible = 0;
			defaultConfigurationName = Release;
		};
		D93EBC60199667D000362706 /* Build configuration list for PBXNativeTarget "KVCODemo" */ = {
			isa = XCConfigurationList;
			buildConfigurations = (
				D93EBC61199667D000362706 /* Debug */,
				D93EBC62199667D000362706 /* Release */,
			);
			defaultConfigurationIsVisible = 0;
		};
		D93EBC63199667D000362706 /* Build configuration list for PBXNativeTarget "KVCODemoTests" */ = {
			isa = XCConfigurationList;
			buildConfigurations = (
				D93EBC64199667D000362706 /* Debug */,
				D93EBC65199667D000362706 /* Release */,
			);
			defaultConfigurationIsVisible = 0;
		};
/* End XCConfigurationList section */
	};
	rootObject = D93EBC26199667D000362706 /* Project object */;
}
